langcode: en
status: true
dependencies:
  config:
    - search_api.index.top_textbooks
  module:
    - search_api
id: top_textbooks_block
label: 'Top Textbooks Block'
module: views
description: ''
tag: ''
base_table: search_api_index_top_textbooks
base_field: search_api_id
display:
  default:
    id: default
    display_title: Default
    display_plugin: default
    position: 0
    display_options:
      title: 'Top Textbooks Block'
      fields:
        call_number:
          id: call_number
          table: search_api_index_top_textbooks
          field: call_number
          relationship: none
          group_type: group
          admin_label: ''
          plugin_id: search_api
          label: ''
          exclude: true
          alter:
            alter_text: false
            text: ''
            make_link: false
            path: ''
            absolute: false
            external: false
            replace_spaces: false
            path_case: none
            trim_whitespace: false
            alt: ''
            rel: ''
            link_class: ''
            prefix: ''
            suffix: ''
            target: ''
            nl2br: false
            max_length: 0
            word_boundary: true
            ellipsis: true
            more_link: false
            more_link_text: ''
            more_link_path: ''
            strip_tags: false
            trim: false
            preserve_tags: ''
            html: false
          element_type: ''
          element_class: ''
          element_label_type: ''
          element_label_class: ''
          element_label_colon: false
          element_wrapper_type: ''
          element_wrapper_class: ''
          element_default_classes: true
          empty: ''
          hide_empty: false
          empty_zero: false
          hide_alter_empty: true
          link_to_item: false
          use_highlighting: false
          multi_type: separator
          multi_separator: ', '
        course:
          id: course
          table: search_api_index_top_textbooks
          field: course
          relationship: none
          group_type: group
          admin_label: ''
          plugin_id: search_api
          label: ''
          exclude: true
          alter:
            alter_text: false
            text: ''
            make_link: false
            path: ''
            absolute: false
            external: false
            replace_spaces: false
            path_case: none
            trim_whitespace: false
            alt: ''
            rel: ''
            link_class: ''
            prefix: ''
            suffix: ''
            target: ''
            nl2br: false
            max_length: 0
            word_boundary: true
            ellipsis: true
            more_link: false
            more_link_text: ''
            more_link_path: ''
            strip_tags: false
            trim: false
            preserve_tags: ''
            html: false
          element_type: ''
          element_class: ''
          element_label_type: ''
          element_label_class: ''
          element_label_colon: false
          element_wrapper_type: ''
          element_wrapper_class: ''
          element_default_classes: true
          empty: ''
          hide_empty: false
          empty_zero: false
          hide_alter_empty: true
          link_to_item: false
          use_highlighting: false
          multi_type: separator
          multi_separator: ', '
        edition:
          id: edition
          table: search_api_index_top_textbooks
          field: edition
          relationship: none
          group_type: group
          admin_label: ''
          plugin_id: search_api
          label: ''
          exclude: true
          alter:
            alter_text: false
            text: ''
            make_link: false
            path: ''
            absolute: false
            external: false
            replace_spaces: false
            path_case: none
            trim_whitespace: false
            alt: ''
            rel: ''
            link_class: ''
            prefix: ''
            suffix: ''
            target: ''
            nl2br: false
            max_length: 0
            word_boundary: true
            ellipsis: true
            more_link: false
            more_link_text: ''
            more_link_path: ''
            strip_tags: false
            trim: false
            preserve_tags: ''
            html: false
          element_type: ''
          element_class: ''
          element_label_type: ''
          element_label_class: ''
          element_label_colon: false
          element_wrapper_type: ''
          element_wrapper_class: ''
          element_default_classes: true
          empty: ''
          hide_empty: false
          empty_zero: false
          hide_alter_empty: true
          link_to_item: false
          use_highlighting: false
          multi_type: separator
          multi_separator: ', '
        title:
          id: title
          table: search_api_index_top_textbooks
          field: title
          relationship: none
          group_type: group
          admin_label: ''
          plugin_id: search_api
          label: ''
          exclude: true
          alter:
            alter_text: false
            text: ''
            make_link: false
            path: ''
            absolute: false
            external: false
            replace_spaces: false
            path_case: none
            trim_whitespace: false
            alt: ''
            rel: ''
            link_class: ''
            prefix: ''
            suffix: ''
            target: ''
            nl2br: false
            max_length: 0
            word_boundary: true
            ellipsis: true
            more_link: false
            more_link_text: ''
            more_link_path: ''
            strip_tags: false
            trim: false
            preserve_tags: ''
            html: false
          element_type: ''
          element_class: ''
          element_label_type: ''
          element_label_class: ''
          element_label_colon: false
          element_wrapper_type: ''
          element_wrapper_class: ''
          element_default_classes: true
          empty: ''
          hide_empty: false
          empty_zero: false
          hide_alter_empty: true
          link_to_item: false
          use_highlighting: false
          multi_type: separator
          multi_separator: ', '
        year:
          id: year
          table: search_api_index_top_textbooks
          field: year
          relationship: none
          group_type: group
          admin_label: ''
          plugin_id: search_api_numeric
          label: ''
          exclude: true
          alter:
            alter_text: false
            text: ''
            make_link: false
            path: ''
            absolute: false
            external: false
            replace_spaces: false
            path_case: none
            trim_whitespace: false
            alt: ''
            rel: ''
            link_class: ''
            prefix: ''
            suffix: ''
            target: ''
            nl2br: false
            max_length: 0
            word_boundary: true
            ellipsis: true
            more_link: false
            more_link_text: ''
            more_link_path: ''
            strip_tags: false
            trim: false
            preserve_tags: ''
            html: false
          element_type: ''
          element_class: ''
          element_label_type: ''
          element_label_class: ''
          element_label_colon: false
          element_wrapper_type: ''
          element_wrapper_class: ''
          element_default_classes: true
          empty: ''
          hide_empty: false
          empty_zero: false
          hide_alter_empty: true
          set_precision: false
          precision: 0
          decimal: .
          separator: ''
          format_plural: false
          format_plural_string: !!binary MQNAY291bnQ=
          prefix: ''
          suffix: ''
          link_to_item: false
          use_highlighting: false
          multi_type: separator
          multi_separator: ', '
          format_plural_values: {  }
        author:
          id: author
          table: search_api_index_top_textbooks
          field: author
          relationship: none
          group_type: group
          admin_label: ''
          plugin_id: search_api
          label: ''
          exclude: true
          alter:
            alter_text: false
            text: ''
            make_link: false
            path: ''
            absolute: false
            external: false
            replace_spaces: false
            path_case: none
            trim_whitespace: false
            alt: ''
            rel: ''
            link_class: ''
            prefix: ''
            suffix: ''
            target: ''
            nl2br: false
            max_length: 0
            word_boundary: true
            ellipsis: true
            more_link: false
            more_link_text: ''
            more_link_path: ''
            strip_tags: false
            trim: false
            preserve_tags: ''
            html: false
          element_type: ''
          element_class: ''
          element_label_type: ''
          element_label_class: ''
          element_label_colon: false
          element_wrapper_type: ''
          element_wrapper_class: ''
          element_default_classes: true
          empty: ''
          hide_empty: false
          empty_zero: false
          hide_alter_empty: true
          link_to_item: false
          use_highlighting: false
          multi_type: separator
          multi_separator: ', '
        isbn:
          id: isbn
          table: search_api_index_top_textbooks
          field: isbn
          relationship: none
          group_type: group
          admin_label: ''
          plugin_id: search_api
          label: ''
          exclude: true
          alter:
            alter_text: false
            text: ''
            make_link: false
            path: ''
            absolute: false
            external: false
            replace_spaces: false
            path_case: none
            trim_whitespace: false
            alt: ''
            rel: ''
            link_class: ''
            prefix: ''
            suffix: ''
            target: ''
            nl2br: false
            max_length: 0
            word_boundary: true
            ellipsis: true
            more_link: false
            more_link_text: ''
            more_link_path: ''
            strip_tags: false
            trim: false
            preserve_tags: ''
            html: false
          element_type: ''
          element_class: ''
          element_label_type: ''
          element_label_class: ''
          element_label_colon: false
          element_wrapper_type: ''
          element_wrapper_class: ''
          element_default_classes: true
          empty: ''
          hide_empty: false
          empty_zero: false
          hide_alter_empty: true
          link_to_item: false
          use_highlighting: false
          multi_type: separator
          multi_separator: ', '
        nothing:
          id: nothing
          table: views
          field: nothing
          relationship: none
          group_type: group
          admin_label: ''
          plugin_id: custom
          label: ''
          exclude: false
          alter:
            alter_text: true
            text: "<span class=\"bento-key-info-content\">\r\n  <div class=\"bento-key-info-title\">\r\n    <div class=\"bento-key-info-fas\">\r\n      <span\r\n      class=\"fas fa-solid fa-book-open\"\r\n      role=\"presentation\"\r\n      style=\"color: #c0c0c0\"></span>\r\n    </div>\r\n    <a class=\"bento-key-info-title-text\" href=\"/find/reserves/students/textbooks?search_api_textbook_fulltext={{ arguments.search_api_fulltext }}&sort_by=search_api_relevance&sort_order=DESC\">Top Textbook Collection</a>\r\n  </div>\r\n  <div class=\"bento-top-textbook-result-content\">\r\n    <p class=\"bento-key-info-content-p\">We found a related item in the Libraries’ Top Textbook collection.\r\n      <br />You can borrow this book for\r\n      <span class=\"bento-key-info-content-p-bold\">4 hours</span>\r\n      at a time from the\r\n      <span class=\"bento-key-info-content-p-bold\">McKeldin Library Services Desk</span>.\r\n    </p>\r\n    <a class=\"bento-top-textbook-bookcard bento-key-info-content-p\" href=\"/find/reserves/students/textbooks?search_api_textbook_fulltext={{ call_number }}&sort_by=search_api_relevance&sort_order=DESC\">\r\n      <div>\r\n        <p>Course ID:</p>\r\n      </div>\r\n      <div>\r\n        <p>{{ course }}</p>\r\n      </div>\r\n      <div>\r\n        <p>Book Title:</p>\r\n      </div>\r\n      <div>\r\n        <p><span class=\"bento-key-info-content-p-bold\">{{ title }}</span>, {{ edition }} edition, {{ year }}</p>\r\n      </div>\r\n      <div>\r\n        <p>Author:</p>\r\n      </div>\r\n      <div>\r\n        <p>{{ author }}</p>\r\n      </div>\r\n      <div>\r\n        <p>ISBN:</p>\r\n      </div>\r\n      <div>\r\n        <p>{{ isbn }}</p>\r\n      </div>\r\n    </a>\r\n  </div>\r\n</span>"
            make_link: false
            path: ''
            absolute: false
            external: false
            replace_spaces: false
            path_case: none
            trim_whitespace: false
            alt: ''
            rel: ''
            link_class: ''
            prefix: ''
            suffix: ''
            target: ''
            nl2br: false
            max_length: 0
            word_boundary: true
            ellipsis: true
            more_link: false
            more_link_text: ''
            more_link_path: ''
            strip_tags: false
            trim: false
            preserve_tags: ''
            html: false
          element_type: ''
          element_class: ''
          element_label_type: ''
          element_label_class: ''
          element_label_colon: false
          element_wrapper_type: ''
          element_wrapper_class: ''
          element_default_classes: true
          empty: ''
          hide_empty: false
          empty_zero: false
          hide_alter_empty: false
      pager:
        type: some
        options:
          offset: 0
          items_per_page: 1
      exposed_form:
        type: basic
        options:
          submit_button: Apply
          reset_button: false
          reset_button_label: Reset
          exposed_sorts_label: 'Sort by'
          expose_sort_order: true
          sort_asc_label: Asc
          sort_desc_label: Desc
      access:
        type: none
        options: {  }
      cache:
        type: none
        options: {  }
      empty: {  }
      sorts:
        search_api_relevance:
          id: search_api_relevance
          table: search_api_index_top_textbooks
          field: search_api_relevance
          relationship: none
          group_type: group
          admin_label: ''
          plugin_id: search_api
          order: DESC
          expose:
            label: ''
            field_identifier: ''
          exposed: false
      arguments:
        search_api_fulltext:
          id: search_api_fulltext
          table: search_api_index_top_textbooks
          field: search_api_fulltext
          relationship: none
          group_type: group
          admin_label: ''
          plugin_id: search_api_fulltext
          default_action: default
          exception:
            value: all
            title_enable: false
            title: All
          title_enable: false
          title: ''
          default_argument_type: query_parameter
          default_argument_options:
            query_param: query
            fallback: ''
            multiple: and
          default_argument_skip_url: false
          summary_options: {  }
          summary:
            sort_order: asc
            number_of_records: 0
            format: default_summary
          specify_validation: false
          validate:
            type: none
            fail: 'not found'
          validate_options: {  }
          break_phrase: false
          not: false
          parse_mode: terms
          conjunction: AND
          fields:
            - text
      filters: {  }
      style:
        type: default
        options:
          grouping: {  }
          row_class: ''
          default_row_class: true
          uses_fields: false
      row:
        type: fields
        options:
          default_field_elements: true
          inline: {  }
          separator: ''
          hide_empty: false
      query:
        type: search_api_query
        options:
          bypass_access: false
          skip_access: false
          preserve_facet_query_args: false
          query_tags: {  }
      relationships: {  }
      header: {  }
      footer: {  }
      display_extenders:
        matomo:
          enabled: false
          keyword_gets: ''
          keyword_behavior: first
          keyword_concat_separator: ' '
          category_behavior: none
          category_gets: ''
          category_concat_separator: ' '
          category_fallback: ''
          category_facets: {  }
          category_facets_concat_separator: ', '
    cache_metadata:
      max-age: -1
      contexts:
        - 'languages:language_interface'
        - url
      tags:
        - 'config:search_api.index.top_textbooks'
  block_1:
    id: block_1
    display_title: Block
    display_plugin: block
    position: 1
    display_options:
      display_extenders:
        matomo:
          enabled: false
          keyword_gets: ''
          keyword_behavior: first
          keyword_concat_separator: ' '
          category_behavior: none
          category_gets: ''
          category_concat_separator: ' '
          category_fallback: ''
          category_facets: {  }
          category_facets_concat_separator: ', '
      block_description: 'Top Textbooks Block'
      block_category: 'Bento Quick Search'
    cache_metadata:
      max-age: -1
      contexts:
        - 'languages:language_interface'
        - url
      tags:
        - 'config:search_api.index.top_textbooks'

